
Microsoft Visual Studio Solution File, Format Version 12.00
# Visual Studio Version 16
VisualStudioVersion = 16.0.29728.190
MinimumVisualStudioVersion = 10.0.40219.1
Project("{FAE04EC0-301F-11D3-BF4B-00C04F79EFBC}") = "ApiHarodoor", "ApiHarodoor\ApiHarodoor.csproj", "{35D53577-529A-4069-AA81-F3389F539297}"
EndProject
Project("{FAE04EC0-301F-11D3-BF4B-00C04F79EFBC}") = "ClsModHarodoor", "ClsModHarodoor\ClsModHarodoor.csproj", "{B5E812D8-3F0E-42E5-94DE-03D0E65F63B2}"
EndProject
Project("{FAE04EC0-301F-11D3-BF4B-00C04F79EFBC}") = "ClsNegHarodoor", "ClsNegHarodoor\ClsNegHarodoor.csproj", "{AC50ED55-A4D2-410F-8EF8-CA6B0D0C821C}"
EndProject
Project("{FAE04EC0-301F-11D3-BF4B-00C04F79EFBC}") = "ClsDatHarodoor", "ClsDatHarodoor\ClsDatHarodoor.csproj", "{62508D51-417D-4DF9-B9D7-46E8F02CDA77}"
EndProject
Global
	GlobalSection(SolutionConfigurationPlatforms) = preSolution
		Debug|Any CPU = Debug|Any CPU
		Release|Any CPU = Release|Any CPU
	EndGlobalSection
	GlobalSection(ProjectConfigurationPlatforms) = postSolution
		{35D53577-529A-4069-AA81-F3389F539297}.Debug|Any CPU.ActiveCfg = Debug|Any CPU
		{35D53577-529A-4069-AA81-F3389F539297}.Debug|Any CPU.Build.0 = Debug|Any CPU
		{35D53577-529A-4069-AA81-F3389F539297}.Release|Any CPU.ActiveCfg = Release|Any CPU
		{35D53577-529A-4069-AA81-F3389F539297}.Release|Any CPU.Build.0 = Release|Any CPU
		{B5E812D8-3F0E-42E5-94DE-03D0E65F63B2}.Debug|Any CPU.ActiveCfg = Debug|Any CPU
		{B5E812D8-3F0E-42E5-94DE-03D0E65F63B2}.Debug|Any CPU.Build.0 = Debug|Any CPU
		{B5E812D8-3F0E-42E5-94DE-03D0E65F63B2}.Release|Any CPU.ActiveCfg = Release|Any CPU
		{B5E812D8-3F0E-42E5-94DE-03D0E65F63B2}.Release|Any CPU.Build.0 = Release|Any CPU
		{AC50ED55-A4D2-410F-8EF8-CA6B0D0C821C}.Debug|Any CPU.ActiveCfg = Debug|Any CPU
		{AC50ED55-A4D2-410F-8EF8-CA6B0D0C821C}.Debug|Any CPU.Build.0 = Debug|Any CPU
		{AC50ED55-A4D2-410F-8EF8-CA6B0D0C821C}.Release|Any CPU.ActiveCfg = Release|Any CPU
		{AC50ED55-A4D2-410F-8EF8-CA6B0D0C821C}.Release|Any CPU.Build.0 = Release|Any CPU
		{62508D51-417D-4DF9-B9D7-46E8F02CDA77}.Debug|Any CPU.ActiveCfg = Debug|Any CPU
		{62508D51-417D-4DF9-B9D7-46E8F02CDA77}.Debug|Any CPU.Build.0 = Debug|Any CPU
		{62508D51-417D-4DF9-B9D7-46E8F02CDA77}.Release|Any CPU.ActiveCfg = Release|Any CPU
		{62508D51-417D-4DF9-B9D7-46E8F02CDA77}.Release|Any CPU.Build.0 = Release|Any CPU
	EndGlobalSection
	GlobalSection(SolutionProperties) = preSolution
		HideSolutionNode = FALSE
	EndGlobalSection
	GlobalSection(ExtensibilityGlobals) = postSolution
		SolutionGuid = {9D23EE3E-36B5-4175-991C-907DD5C63CAA}
	EndGlobalSection
EndGlobal
